
Microsoft Visual Studio Solution File, Format Version 12.00
# Visual Studio Version 17
VisualStudioVersion = 17.3.32819.101
MinimumVisualStudioVersion = 10.0.40219.1
Project("{FAE04EC0-301F-11D3-BF4B-00C04F79EFBC}") = "Session08Challenge", "Session08Challenge\Session08Challenge.csproj", "{D3D22DCD-B207-44B1-8577-B725A4F9821A}"
EndProject
Global
	GlobalSection(SolutionConfigurationPlatforms) = preSolution
		Debug|Any CPU = Debug|Any CPU
		Release|Any CPU = Release|Any CPU
	EndGlobalSection
	GlobalSection(ProjectConfigurationPlatforms) = postSolution
		{D3D22DCD-B207-44B1-8577-B725A4F9821A}.Debug|Any CPU.ActiveCfg = Debug|Any CPU
		{D3D22DCD-B207-44B1-8577-B725A4F9821A}.Debug|Any CPU.Build.0 = Debug|Any CPU
		{D3D22DCD-B207-44B1-8577-B725A4F9821A}.Release|Any CPU.ActiveCfg = Release|Any CPU
		{D3D22DCD-B207-44B1-8577-B725A4F9821A}.Release|Any CPU.Build.0 = Release|Any CPU
	EndGlobalSection
	GlobalSection(SolutionProperties) = preSolution
		HideSolutionNode = FALSE
	EndGlobalSection
	GlobalSection(ExtensibilityGlobals) = postSolution
		SolutionGuid = {72FBF9E6-E29D-45B6-9969-BD53C3141B29}
	EndGlobalSection
EndGlobal
